{
    "_meta": {
        "hash": {
            "sha256": "0bfb29ce8c7905da685a8efc765b3f4b2ef44cb19f7b0c0c2b897a2636a24afd"
        },
        "pipfile-spec": 6,
        "requires": {
            "python_full_version": "3.10.15",
            "python_version": "3.10"
        },
        "sources": [
            {
                "name": "pypi",
                "url": "https://pypi.org/simple",
                "verify_ssl": true
            }
        ]
    },
    "default": {
        "certifi": {
            "hashes": [
                "sha256:0a816057ea3cdefcef70270d2c515e4506bbc954f417fa5ade2021213bb8f0c6",
                "sha256:30350364dfe371162649852c63336a15c70c6510c2ad5015b21c2345311805f3"
            ],
            "markers": "python_version >= '3.6'",
            "version": "==2025.4.26"
        },
        "charset-normalizer": {
            "hashes": [
                "sha256:005fa3432484527f9732ebd315da8da8001593e2cf46a3d817669f062c3d9ed4",
                "sha256:046595208aae0120559a67693ecc65dd75d46f7bf687f159127046628178dc45",
                "sha256:0c29de6a1a95f24b9a1aa7aefd27d2487263f00dfd55a77719b530788f75cff7",
                "sha256:0c8c57f84ccfc871a48a47321cfa49ae1df56cd1d965a09abe84066f6853b9c0",
                "sha256:0f5d9ed7f254402c9e7d35d2f5972c9bbea9040e99cd2861bd77dc68263277c7",
                "sha256:18dd2e350387c87dabe711b86f83c9c78af772c748904d372ade190b5c7c9d4d",
                "sha256:1b1bde144d98e446b056ef98e59c256e9294f6b74d7af6846bf5ffdafd687a7d",
                "sha256:1c95a1e2902a8b722868587c0e1184ad5c55631de5afc0eb96bc4b0d738092c0",
                "sha256:1cad5f45b3146325bb38d6855642f6fd609c3f7cad4dbaf75549bf3b904d3184",
                "sha256:21b2899062867b0e1fde9b724f8aecb1af14f2778d69aacd1a5a1853a597a5db",
                "sha256:24498ba8ed6c2e0b56d4acbf83f2d989720a93b41d712ebd4f4979660db4417b",
                "sha256:25a23ea5c7edc53e0f29bae2c44fcb5a1aa10591aae107f2a2b2583a9c5cbc64",
                "sha256:289200a18fa698949d2b39c671c2cc7a24d44096784e76614899a7ccf2574b7b",
                "sha256:28a1005facc94196e1fb3e82a3d442a9d9110b8434fc1ded7a24a2983c9888d8",
                "sha256:32fc0341d72e0f73f80acb0a2c94216bd704f4f0bce10aedea38f30502b271ff",
                "sha256:36b31da18b8890a76ec181c3cf44326bf2c48e36d393ca1b72b3f484113ea344",
                "sha256:3c21d4fca343c805a52c0c78edc01e3477f6dd1ad7c47653241cf2a206d4fc58",
                "sha256:3fddb7e2c84ac87ac3a947cb4e66d143ca5863ef48e4a5ecb83bd48619e4634e",
                "sha256:43e0933a0eff183ee85833f341ec567c0980dae57c464d8a508e1b2ceb336471",
                "sha256:4a476b06fbcf359ad25d34a057b7219281286ae2477cc5ff5e3f70a246971148",
                "sha256:4e594135de17ab3866138f496755f302b72157d115086d100c3f19370839dd3a",
                "sha256:50bf98d5e563b83cc29471fa114366e6806bc06bc7a25fd59641e41445327836",
                "sha256:5a9979887252a82fefd3d3ed2a8e3b937a7a809f65dcb1e068b090e165bbe99e",
                "sha256:5baececa9ecba31eff645232d59845c07aa030f0c81ee70184a90d35099a0e63",
                "sha256:5bf4545e3b962767e5c06fe1738f951f77d27967cb2caa64c28be7c4563e162c",
                "sha256:6333b3aa5a12c26b2a4d4e7335a28f1475e0e5e17d69d55141ee3cab736f66d1",
                "sha256:65c981bdbd3f57670af8b59777cbfae75364b483fa8a9f420f08094531d54a01",
                "sha256:68a328e5f55ec37c57f19ebb1fdc56a248db2e3e9ad769919a58672958e8f366",
                "sha256:6a0289e4589e8bdfef02a80478f1dfcb14f0ab696b5a00e1f4b8a14a307a3c58",
                "sha256:6b66f92b17849b85cad91259efc341dce9c1af48e2173bf38a85c6329f1033e5",
                "sha256:6c9379d65defcab82d07b2a9dfbfc2e95bc8fe0ebb1b176a3190230a3ef0e07c",
                "sha256:6fc1f5b51fa4cecaa18f2bd7a003f3dd039dd615cd69a2afd6d3b19aed6775f2",
                "sha256:70f7172939fdf8790425ba31915bfbe8335030f05b9913d7ae00a87d4395620a",
                "sha256:721c76e84fe669be19c5791da68232ca2e05ba5185575086e384352e2c309597",
                "sha256:7222ffd5e4de8e57e03ce2cef95a4c43c98fcb72ad86909abdfc2c17d227fc1b",
                "sha256:75d10d37a47afee94919c4fab4c22b9bc2a8bf7d4f46f87363bcf0573f3ff4f5",
                "sha256:76af085e67e56c8816c3ccf256ebd136def2ed9654525348cfa744b6802b69eb",
                "sha256:770cab594ecf99ae64c236bc9ee3439c3f46be49796e265ce0cc8bc17b10294f",
                "sha256:7a6ab32f7210554a96cd9e33abe3ddd86732beeafc7a28e9955cdf22ffadbab0",
                "sha256:7c48ed483eb946e6c04ccbe02c6b4d1d48e51944b6db70f697e089c193404941",
                "sha256:7f56930ab0abd1c45cd15be65cc741c28b1c9a34876ce8c17a2fa107810c0af0",
                "sha256:8075c35cd58273fee266c58c0c9b670947c19df5fb98e7b66710e04ad4e9ff86",
                "sha256:8272b73e1c5603666618805fe821edba66892e2870058c94c53147602eab29c7",
                "sha256:82d8fd25b7f4675d0c47cf95b594d4e7b158aca33b76aa63d07186e13c0e0ab7",
                "sha256:844da2b5728b5ce0e32d863af26f32b5ce61bc4273a9c720a9f3aa9df73b1455",
                "sha256:8755483f3c00d6c9a77f490c17e6ab0c8729e39e6390328e42521ef175380ae6",
                "sha256:915f3849a011c1f593ab99092f3cecfcb4d65d8feb4a64cf1bf2d22074dc0ec4",
                "sha256:926ca93accd5d36ccdabd803392ddc3e03e6d4cd1cf17deff3b989ab8e9dbcf0",
                "sha256:982bb1e8b4ffda883b3d0a521e23abcd6fd17418f6d2c4118d257a10199c0ce3",
                "sha256:98f862da73774290f251b9df8d11161b6cf25b599a66baf087c1ffe340e9bfd1",
                "sha256:9cbfacf36cb0ec2897ce0ebc5d08ca44213af24265bd56eca54bee7923c48fd6",
                "sha256:a370b3e078e418187da8c3674eddb9d983ec09445c99a3a263c2011993522981",
                "sha256:a955b438e62efdf7e0b7b52a64dc5c3396e2634baa62471768a64bc2adb73d5c",
                "sha256:aa6af9e7d59f9c12b33ae4e9450619cf2488e2bbe9b44030905877f0b2324980",
                "sha256:aa88ca0b1932e93f2d961bf3addbb2db902198dca337d88c89e1559e066e7645",
                "sha256:aaeeb6a479c7667fbe1099af9617c83aaca22182d6cf8c53966491a0f1b7ffb7",
                "sha256:aaf27faa992bfee0264dc1f03f4c75e9fcdda66a519db6b957a3f826e285cf12",
                "sha256:b2680962a4848b3c4f155dc2ee64505a9c57186d0d56b43123b17ca3de18f0fa",
                "sha256:b2d318c11350e10662026ad0eb71bb51c7812fc8590825304ae0bdd4ac283acd",
                "sha256:b33de11b92e9f75a2b545d6e9b6f37e398d86c3e9e9653c4864eb7e89c5773ef",
                "sha256:b3daeac64d5b371dea99714f08ffc2c208522ec6b06fbc7866a450dd446f5c0f",
                "sha256:be1e352acbe3c78727a16a455126d9ff83ea2dfdcbc83148d2982305a04714c2",
                "sha256:bee093bf902e1d8fc0ac143c88902c3dfc8941f7ea1d6a8dd2bcb786d33db03d",
                "sha256:c72fbbe68c6f32f251bdc08b8611c7b3060612236e960ef848e0a517ddbe76c5",
                "sha256:c9e36a97bee9b86ef9a1cf7bb96747eb7a15c2f22bdb5b516434b00f2a599f02",
                "sha256:cddf7bd982eaa998934a91f69d182aec997c6c468898efe6679af88283b498d3",
                "sha256:cf713fe9a71ef6fd5adf7a79670135081cd4431c2943864757f0fa3a65b1fafd",
                "sha256:d11b54acf878eef558599658b0ffca78138c8c3655cf4f3a4a673c437e67732e",
                "sha256:d41c4d287cfc69060fa91cae9683eacffad989f1a10811995fa309df656ec214",
                "sha256:d524ba3f1581b35c03cb42beebab4a13e6cdad7b36246bd22541fa585a56cccd",
                "sha256:daac4765328a919a805fa5e2720f3e94767abd632ae410a9062dff5412bae65a",
                "sha256:db4c7bf0e07fc3b7d89ac2a5880a6a8062056801b83ff56d8464b70f65482b6c",
                "sha256:dc7039885fa1baf9be153a0626e337aa7ec8bf96b0128605fb0d77788ddc1681",
                "sha256:dccab8d5fa1ef9bfba0590ecf4d46df048d18ffe3eec01eeb73a42e0d9e7a8ba",
                "sha256:dedb8adb91d11846ee08bec4c8236c8549ac721c245678282dcb06b221aab59f",
                "sha256:e45ba65510e2647721e35323d6ef54c7974959f6081b58d4ef5d87c60c84919a",
                "sha256:e53efc7c7cee4c1e70661e2e112ca46a575f90ed9ae3fef200f2a25e954f4b28",
                "sha256:e635b87f01ebc977342e2697d05b56632f5f879a4f15955dfe8cef2448b51691",
                "sha256:e70e990b2137b29dc5564715de1e12701815dacc1d056308e2b17e9095372a82",
                "sha256:e8082b26888e2f8b36a042a58307d5b917ef2b1cacab921ad3323ef91901c71a",
                "sha256:e8323a9b031aa0393768b87f04b4164a40037fb2a3c11ac06a03ffecd3618027",
                "sha256:e92fca20c46e9f5e1bb485887d074918b13543b1c2a1185e69bb8d17ab6236a7",
                "sha256:eb30abc20df9ab0814b5a2524f23d75dcf83cde762c161917a2b4b7b55b1e518",
                "sha256:eba9904b0f38a143592d9fc0e19e2df0fa2e41c3c3745554761c5f6447eedabf",
                "sha256:ef8de666d6179b009dce7bcb2ad4c4a779f113f12caf8dc77f0162c29d20490b",
                "sha256:efd387a49825780ff861998cd959767800d54f8308936b21025326de4b5a42b9",
                "sha256:f0aa37f3c979cf2546b73e8222bbfa3dc07a641585340179d768068e3455e544",
                "sha256:f4074c5a429281bf056ddd4c5d3b740ebca4d43ffffe2ef4bf4d2d05114299da",
                "sha256:f69a27e45c43520f5487f27627059b64aaf160415589230992cec34c5e18a509",
                "sha256:fb707f3e15060adf5b7ada797624a6c6e0138e2a26baa089df64c68ee98e040f",
                "sha256:fcbe676a55d7445b22c10967bceaaf0ee69407fbe0ece4d032b6eb8d4565982a",
                "sha256:fdb20a30fe1175ecabed17cbf7812f7b804b8a315a25f24678bcdf120a90077f"
            ],
            "markers": "python_version >= '3.7'",
            "version": "==3.4.2"
        },
        "idna": {
            "hashes": [
                "sha256:12f65c9b470abda6dc35cf8e63cc574b1c52b11df2c86030af0ac09b01b13ea9",
                "sha256:946d195a0d259cbba61165e88e65941f16e9b36ea6ddb97f00452bae8b1287d3"
            ],
            "markers": "python_version >= '3.6'",
            "version": "==3.10"
        },
        "requests": {
            "hashes": [
                "sha256:27babd3cda2a6d50b30443204ee89830707d396671944c998b5975b031ac2b2c",
                "sha256:27d0316682c8a29834d3264820024b62a36942083d52caf2f14c0591336d3422"
            ],
            "index": "pypi",
            "markers": "python_version >= '3.8'",
            "version": "==2.32.4"
        },
        "urllib3": {
            "hashes": [
                "sha256:414bc6535b787febd7567804cc015fee39daab8ad86268f1310a9250697de466",
                "sha256:4e16665048960a0900c702d4a66415956a584919c03361cac9f1df5c5dd7e813"
            ],
            "markers": "python_version >= '3.9'",
            "version": "==2.4.0"
        }
    },
    "develop": {
        "coverage": {
            "extras": [
                "toml"
            ],
            "hashes": [
                "sha256:00a1d69c112ff5149cabe60d2e2ee948752c975d95f1e1096742e6077affd376",
                "sha256:023bf8ee3ec6d35af9c1c6ccc1d18fa69afa1cb29eaac57cb064dbb262a517f9",
                "sha256:0294ca37f1ba500667b1aef631e48d875ced93ad5e06fa665a3295bdd1d95111",
                "sha256:06babbb8f4e74b063dbaeb74ad68dfce9186c595a15f11f5d5683f748fa1d172",
                "sha256:0809082ee480bb8f7416507538243c8863ac74fd8a5d2485c46f0f7499f2b491",
                "sha256:0b3fb02fe73bed561fa12d279a417b432e5b50fe03e8d663d61b3d5990f29546",
                "sha256:0b58c672d14f16ed92a48db984612f5ce3836ae7d72cdd161001cc54512571f2",
                "sha256:0bcd1069e710600e8e4cf27f65c90c7843fa8edfb4520fb0ccb88894cad08b11",
                "sha256:1032e178b76a4e2b5b32e19d0fd0abbce4b58e77a1ca695820d10e491fa32b08",
                "sha256:11a223a14e91a4693d2d0755c7a043db43d96a7450b4f356d506c2562c48642c",
                "sha256:12394842a3a8affa3ba62b0d4ab7e9e210c5e366fbac3e8b2a68636fb19892c2",
                "sha256:182e6cd5c040cec0a1c8d415a87b67ed01193ed9ad458ee427741c7d8513d963",
                "sha256:1d5b8007f81b88696d06f7df0cb9af0d3b835fe0c8dbf489bad70b45f0e45613",
                "sha256:1f76846299ba5c54d12c91d776d9605ae33f8ae2b9d1d3c3703cf2db1a67f2c0",
                "sha256:27fb4a050aaf18772db513091c9c13f6cb94ed40eacdef8dad8411d92d9992db",
                "sha256:29155cd511ee058e260db648b6182c419422a0d2e9a4fa44501898cf918866cf",
                "sha256:29fc0f17b1d3fea332f8001d4558f8214af7f1d87a345f3a133c901d60347c73",
                "sha256:2b6b4c83d8e8ea79f27ab80778c19bc037759aea298da4b56621f4474ffeb117",
                "sha256:2fdef0d83a2d08d69b1f2210a93c416d54e14d9eb398f6ab2f0a209433db19e1",
                "sha256:3c65d37f3a9ebb703e710befdc489a38683a5b152242664b973a7b7b22348a4e",
                "sha256:4f704f0998911abf728a7783799444fcbbe8261c4a6c166f667937ae6a8aa522",
                "sha256:51b44306032045b383a7a8a2c13878de375117946d68dcb54308111f39775a25",
                "sha256:53d202fd109416ce011578f321460795abfe10bb901b883cafd9b3ef851bacfc",
                "sha256:58809e238a8a12a625c70450b48e8767cff9eb67c62e6154a642b21ddf79baea",
                "sha256:5915fcdec0e54ee229926868e9b08586376cae1f5faa9bbaf8faf3561b393d52",
                "sha256:5beb1ee382ad32afe424097de57134175fea3faf847b9af002cc7895be4e2a5a",
                "sha256:5f8ae553cba74085db385d489c7a792ad66f7f9ba2ee85bfa508aeb84cf0ba07",
                "sha256:5fbd612f8a091954a0c8dd4c0b571b973487277d26476f8480bfa4b2a65b5d06",
                "sha256:6bd818b7ea14bc6e1f06e241e8234508b21edf1b242d49831831a9450e2f35fa",
                "sha256:6f01ba56b1c0e9d149f9ac85a2f999724895229eb36bd997b61e62999e9b0901",
                "sha256:73d2b73584446e66ee633eaad1a56aad577c077f46c35ca3283cd687b7715b0b",
                "sha256:7bb92c539a624cf86296dd0c68cd5cc286c9eef2d0c3b8b192b604ce9de20a17",
                "sha256:8165b796df0bd42e10527a3f493c592ba494f16ef3c8b531288e3d0d72c1f6f0",
                "sha256:862264b12ebb65ad8d863d51f17758b1684560b66ab02770d4f0baf2ff75da21",
                "sha256:8902dd6a30173d4ef09954bfcb24b5d7b5190cf14a43170e386979651e09ba19",
                "sha256:8cf717ee42012be8c0cb205dbbf18ffa9003c4cbf4ad078db47b95e10748eec5",
                "sha256:8ed9281d1b52628e81393f5eaee24a45cbd64965f41857559c2b7ff19385df51",
                "sha256:99b41d18e6b2a48ba949418db48159d7a2e81c5cc290fc934b7d2380515bd0e3",
                "sha256:9cb7fa111d21a6b55cbf633039f7bc2749e74932e3aa7cb7333f675a58a58bf3",
                "sha256:a181e99301a0ae128493a24cfe5cfb5b488c4e0bf2f8702091473d033494d04f",
                "sha256:a413a096c4cbac202433c850ee43fa326d2e871b24554da8327b01632673a076",
                "sha256:a6b1e54712ba3474f34b7ef7a41e65bd9037ad47916ccb1cc78769bae324c01a",
                "sha256:ade3ca1e5f0ff46b678b66201f7ff477e8fa11fb537f3b55c3f0568fbfe6e718",
                "sha256:b0ac3d42cb51c4b12df9c5f0dd2f13a4f24f01943627120ec4d293c9181219ba",
                "sha256:b369ead6527d025a0fe7bd3864e46dbee3aa8f652d48df6174f8d0bac9e26e0e",
                "sha256:b57b768feb866f44eeed9f46975f3d6406380275c5ddfe22f531a2bf187eda27",
                "sha256:b8d3a03d9bfcaf5b0141d07a88456bb6a4c3ce55c080712fec8418ef3610230e",
                "sha256:bc66f0bf1d7730a17430a50163bb264ba9ded56739112368ba985ddaa9c3bd09",
                "sha256:bf20494da9653f6410213424f5f8ad0ed885e01f7e8e59811f572bdb20b8972e",
                "sha256:c48167910a8f644671de9f2083a23630fbf7a1cb70ce939440cd3328e0919f70",
                "sha256:c481b47f6b5845064c65a7bc78bc0860e635a9b055af0df46fdf1c58cebf8e8f",
                "sha256:c7c8b95bf47db6d19096a5e052ffca0a05f335bc63cef281a6e8fe864d450a72",
                "sha256:c9b8e184898ed014884ca84c70562b4a82cbc63b044d366fedc68bc2b2f3394a",
                "sha256:cc8ff50b50ce532de2fa7a7daae9dd12f0a699bfcd47f20945364e5c31799fef",
                "sha256:d541423cdd416b78626b55f123412fcf979d22a2c39fce251b350de38c15c15b",
                "sha256:dab4d16dfef34b185032580e2f2f89253d302facba093d5fa9dbe04f569c4f4b",
                "sha256:dacbc52de979f2823a819571f2e3a350a7e36b8cb7484cdb1e289bceaf35305f",
                "sha256:df57bdbeffe694e7842092c5e2e0bc80fff7f43379d465f932ef36f027179806",
                "sha256:ed8fe9189d2beb6edc14d3ad19800626e1d9f2d975e436f84e19efb7fa19469b",
                "sha256:f3ddf056d3ebcf6ce47bdaf56142af51bb7fad09e4af310241e9db7a3a8022e1",
                "sha256:f8fe4984b431f8621ca53d9380901f62bfb54ff759a1348cd140490ada7b693c",
                "sha256:fe439416eb6380de434886b00c859304338f8b19f6f54811984f3420a2e03858"
            ],
            "markers": "python_version >= '3.9'",
            "version": "==7.6.4"
        },
        "exceptiongroup": {
            "hashes": [
                "sha256:3111b9d131c238bec2f8f516e123e14ba243563fb135d3fe885990585aa7795b",
                "sha256:47c2edf7c6738fafb49fd34290706d1a1a2f4d1c6df275526b62cbb4aa5393cc"
            ],
            "markers": "python_version < '3.11'",
            "version": "==1.2.2"
        },
        "iniconfig": {
            "hashes": [
                "sha256:2d91e135bf72d31a410b17c16da610a82cb55f6b0477d1a902134b24a455b8b3",
                "sha256:b6a85871a79d2e3b22d2d1b94ac2824226a63c6b741c88f7ae975f18b6778374"
            ],
            "markers": "python_version >= '3.7'",
            "version": "==2.0.0"
        },
        "packaging": {
            "hashes": [
                "sha256:026ed72c8ed3fcce5bf8950572258698927fd1dbda10a5e981cdf0ac37f4f002",
                "sha256:5b8f2217dbdbd2f7f384c41c628544e6d52f2d0f53c6d0c3ea61aa5d1d7ff124"
            ],
            "markers": "python_version >= '3.8'",
            "version": "==24.1"
        },
        "pluggy": {
            "hashes": [
                "sha256:2cffa88e94fdc978c4c574f15f9e59b7f4201d439195c3715ca9e2486f1d0cf1",
                "sha256:44e1ad92c8ca002de6377e165f3e0f1be63266ab4d554740532335b9d75ea669"
            ],
            "markers": "python_version >= '3.8'",
            "version": "==1.5.0"
        },
        "pytest": {
            "hashes": [
                "sha256:70b98107bd648308a7952b06e6ca9a50bc660be218d53c257cc1fc94fda10181",
                "sha256:a6853c7375b2663155079443d2e45de913a911a11d669df02a50814944db57b2"
            ],
            "index": "pypi",
            "markers": "python_version >= '3.8'",
            "version": "==8.3.3"
        },
        "pytest-cov": {
            "hashes": [
                "sha256:eee6f1b9e61008bd34975a4d5bab25801eb31898b032dd55addc93e96fcaaa35",
                "sha256:fde0b595ca248bb8e2d76f020b465f3b107c9632e6a1d1705f17834c89dcadc0"
            ],
            "index": "pypi",
            "markers": "python_version >= '3.9'",
            "version": "==6.0.0"
        },
        "pytest-socket": {
            "hashes": [
                "sha256:71ab048cbbcb085c15a4423b73b619a8b35d6a307f46f78ea46be51b1b7e11b3",
                "sha256:7e0f4642177d55d317bbd58fc68c6bd9048d6eadb2d46a89307fa9221336ce45"
            ],
            "index": "pypi",
            "markers": "python_version >= '3.8' and python_version < '4.0'",
            "version": "==0.7.0"
        },
        "ruff": {
            "hashes": [
                "sha256:21aae53ab1490a52bf4e3bf520c10ce120987b047c494cacf4edad0ba0888da2",
                "sha256:28bd8220f4d8f79d590db9e2f6a0674f75ddbc3847277dd44ac1f8d30684b828",
                "sha256:2b14e77293380e475b4e3a7a368e14549288ed2931fce259a6f99978669e844f",
                "sha256:576305393998b7bd6c46018f8104ea3a9cb3fa7908c21d8580e3274a3b04b691",
                "sha256:5b813ef26db1015953daf476202585512afd6a6862a02cde63f3bafb53d0b2d4",
                "sha256:7b792468e9804a204be221b14257566669d1db5c00d6bb335996e5cd7004ba80",
                "sha256:853277dbd9675810c6826dad7a428d52a11760744508340e66bf46f8be9701d9",
                "sha256:9fd67094e77efbea932e62b5d2483006154794040abb3a5072e659096415ae1e",
                "sha256:b19fafe261bf741bca2764c14cbb4ee1819b67adb63ebc2db6401dcd652e3748",
                "sha256:b73f873b5f52092e63ed540adefc3c36f1f803790ecf2590e1df8bf0a9f72cb8",
                "sha256:bb8368cd45bba3f57bb29cbb8d64b4a33f8415d0149d2655c5c8539452ce7760",
                "sha256:ccc7e0fc6e0cb3168443eeadb6445285abaae75142ee22b2b72c27d790ab60ba",
                "sha256:dba53ed84ac19ae4bfb4ea4bf0172550a2285fa27fbb13e3746f04c80f7fa088",
                "sha256:dd8800cbe0254e06b8fec585e97554047fb82c894973f7ff18558eee33d1cb88",
                "sha256:e00163fb897d35523c70d71a46fbaa43bf7bf9af0f4534c53ea5b96b2e03397b",
                "sha256:f3c54b538633482dc342e9b634d91168fe8cc56b30a4b4f99287f4e339103e88",
                "sha256:fa993cfc9f0ff11187e82de874dfc3611df80852540331bc85c75809c93253a8",
                "sha256:fd77877a4e43b3a98e5ef4715ba3862105e299af0c48942cc6d51ba3d97dc859"
            ],
            "index": "pypi",
            "markers": "python_version >= '3.7'",
            "version": "==0.7.2"
        },
        "tomli": {
            "hashes": [
                "sha256:2ebe24485c53d303f690b0ec092806a085f07af5a5aa1464f3931eec36caaa38",
                "sha256:d46d457a85337051c36524bc5349dd91b1877838e2979ac5ced3e710ed8a60ed"
            ],
            "markers": "python_version < '3.11'",
            "version": "==2.0.2"
        }
    }
}
